
Microsoft Visual Studio Solution File, Format Version 12.00
# Visual Studio Version 16
VisualStudioVersion = 16.0.29418.71
MinimumVisualStudioVersion = 10.0.40219.1
Project("{FAE04EC0-301F-11D3-BF4B-00C04F79EFBC}") = "assignment06", "assignment06\assignment06.csproj", "{D1D9A42F-379A-4E15-BAF6-EC4B8F3EF752}"
EndProject
Global
	GlobalSection(SolutionConfigurationPlatforms) = preSolution
		Debug|Any CPU = Debug|Any CPU
		Release|Any CPU = Release|Any CPU
	EndGlobalSection
	GlobalSection(ProjectConfigurationPlatforms) = postSolution
		{D1D9A42F-379A-4E15-BAF6-EC4B8F3EF752}.Debug|Any CPU.ActiveCfg = Debug|Any CPU
		{D1D9A42F-379A-4E15-BAF6-EC4B8F3EF752}.Debug|Any CPU.Build.0 = Debug|Any CPU
		{D1D9A42F-379A-4E15-BAF6-EC4B8F3EF752}.Release|Any CPU.ActiveCfg = Release|Any CPU
		{D1D9A42F-379A-4E15-BAF6-EC4B8F3EF752}.Release|Any CPU.Build.0 = Release|Any CPU
	EndGlobalSection
	GlobalSection(SolutionProperties) = preSolution
		HideSolutionNode = FALSE
	EndGlobalSection
	GlobalSection(ExtensibilityGlobals) = postSolution
		SolutionGuid = {A97D4041-471F-46B1-B144-9B7C8EF9EB6F}
	EndGlobalSection
EndGlobal
